// !$*UTF8*$!
{
	archiveVersion = 1;
	classes = {
	};
	objectVersion = 46;
	objects = {

/* Begin PBXBuildFile section */
		13A2E7C41E8FD6E30063A476 /* AppDelegate.m in Sources */ = {isa = PBXBuildFile; fileRef = 13A2E7C31E8FD6E30063A476 /* AppDelegate.m */; };
		13A2E7C71E8FD6E30063A476 /* main.m in Sources */ = {isa = PBXBuildFile; fileRef = 13A2E7C61E8FD6E30063A476 /* main.m */; };
		13A2E7CA1E8FD6E30063A476 /* ViewController.m in Sources */ = {isa = PBXBuildFile; fileRef = 13A2E7C91E8FD6E30063A476 /* ViewController.m */; };
		13A2E7CC1E8FD6E30063A476 /* Assets.xcassets in Resources */ = {isa = PBXBuildFile; fileRef = 13A2E7CB1E8FD6E30063A476 /* Assets.xcassets */; };
		13A2E7CF1E8FD6E30063A476 /* Main.storyboard in Resources */ = {isa = PBXBuildFile; fileRef = 13A2E7CD1E8FD6E30063A476 /* Main.storyboard */; };
/* End PBXBuildFile section */

/* Begin PBXFileReference section */
		13A2E7BF1E8FD6E30063A476 /* Course Work.app */ = {isa = PBXFileReference; explicitFileType = wrapper.application; includeInIndex = 0; path = "Course Work.app"; sourceTree = BUILT_PRODUCTS_DIR; };
		13A2E7C21E8FD6E30063A476 /* AppDelegate.h */ = {isa = PBXFileReference; lastKnownFileType = sourcecode.c.h; path = AppDelegate.h; sourceTree = "<group>"; };
		13A2E7C31E8FD6E30063A476 /* AppDelegate.m */ = {isa = PBXFileReference; lastKnownFileType = sourcecode.c.objc; path = AppDelegate.m; sourceTree = "<group>"; };
		13A2E7C61E8FD6E30063A476 /* main.m */ = {isa = PBXFileReference; lastKnownFileType = sourcecode.c.objc; path = main.m; sourceTree = "<group>"; };
		13A2E7C81E8FD6E30063A476 /* ViewController.h */ = {isa = PBXFileReference; lastKnownFileType = sourcecode.c.h; path = ViewController.h; sourceTree = "<group>"; };
		13A2E7C91E8FD6E30063A476 /* ViewController.m */ = {isa = PBXFileReference; lastKnownFileType = sourcecode.c.objc; path = ViewController.m; sourceTree = "<group>"; };
		13A2E7CB1E8FD6E30063A476 /* Assets.xcassets */ = {isa = PBXFileReference; lastKnownFileType = folder.assetcatalog; path = Assets.xcassets; sourceTree = "<group>"; };
		13A2E7CE1E8FD6E30063A476 /* Base */ = {isa = PBXFileReference; lastKnownFileType = file.storyboard; name = Base; path = Base.lproj/Main.storyboard; sourceTree = "<group>"; };
		13A2E7D01E8FD6E30063A476 /* Info.plist */ = {isa = PBXFileReference; lastKnownFileType = text.plist.xml; path = Info.plist; sourceTree = "<group>"; };
/* End PBXFileReference section */

/* Begin PBXFrameworksBuildPhase section */
		13A2E7BC1E8FD6E30063A476 /* Frameworks */ = {
			isa = PBXFrameworksBuildPhase;
			buildActionMask = 2147483647;
			files = (
			);
			runOnlyForDeploymentPostprocessing = 0;
		};
/* End PBXFrameworksBuildPhase section */

/* Begin PBXGroup section */
		13A2E7B61E8FD6E30063A476 = {
			isa = PBXGroup;
			children = (
				13A2E7C11E8FD6E30063A476 /* Course Work */,
				13A2E7C01E8FD6E30063A476 /* Products */,
			);
			sourceTree = "<group>";
		};
		13A2E7C01E8FD6E30063A476 /* Products */ = {
			isa = PBXGroup;
			children = (
				13A2E7BF1E8FD6E30063A476 /* Course Work.app */,
			);
			name = Products;
			sourceTree = "<group>";
		};
		13A2E7C11E8FD6E30063A476 /* Course Work */ = {
			isa = PBXGroup;
			children = (
				13A2E7C21E8FD6E30063A476 /* AppDelegate.h */,
				13A2E7C31E8FD6E30063A476 /* AppDelegate.m */,
				13A2E7C81E8FD6E30063A476 /* ViewController.h */,
				13A2E7C91E8FD6E30063A476 /* ViewController.m */,
				13A2E7CB1E8FD6E30063A476 /* Assets.xcassets */,
				13A2E7CD1E8FD6E30063A476 /* Main.storyboard */,
				13A2E7D01E8FD6E30063A476 /* Info.plist */,
				13A2E7C51E8FD6E30063A476 /* Supporting Files */,
			);
			path = "Course Work";
			sourceTree = "<group>";
		};
		13A2E7C51E8FD6E30063A476 /* Supporting Files */ = {
			isa = PBXGroup;
			children = (
				13A2E7C61E8FD6E30063A476 /* main.m */,
			);
			name = "Supporting Files";
			sourceTree = "<group>";
		};
/* End PBXGroup section */

/* Begin PBXNativeTarget section */
		13A2E7BE1E8FD6E30063A476 /* Course Work */ = {
			isa = PBXNativeTarget;
			buildConfigurationList = 13A2E7D31E8FD6E30063A476 /* Build configuration list for PBXNativeTarget "Course Work" */;
			buildPhases = (
				13A2E7BB1E8FD6E30063A476 /* Sources */,
				13A2E7BC1E8FD6E30063A476 /* Frameworks */,
				13A2E7BD1E8FD6E30063A476 /* Resources */,
			);
			buildRules = (
			);
			dependencies = (
			);
			name = "Course Work";
			productName = "Course Work";
			productReference = 13A2E7BF1E8FD6E30063A476 /* Course Work.app */;
			productType = "com.apple.product-type.application";
		};
/* End PBXNativeTarget section */

/* Begin PBXProject section */
		13A2E7B71E8FD6E30063A476 /* Project object */ = {
			isa = PBXProject;
			attributes = {
				LastUpgradeCheck = 0830;
				ORGANIZATIONNAME = NSU;
				TargetAttributes = {
					13A2E7BE1E8FD6E30063A476 = {
						CreatedOnToolsVersion = 8.3;
						DevelopmentTeam = QDY49F48G2;
						ProvisioningStyle = Automatic;
					};
				};
			};
			buildConfigurationList = 13A2E7BA1E8FD6E30063A476 /* Build configuration list for PBXProject "Course Work" */;
			compatibilityVersion = "Xcode 3.2";
			developmentRegion = English;
			hasScannedForEncodings = 0;
			knownRegions = (
				en,
				Base,
			);
			mainGroup = 13A2E7B61E8FD6E30063A476;
			productRefGroup = 13A2E7C01E8FD6E30063A476 /* Products */;
			projectDirPath = "";
			projectRoot = "";
			targets = (
				13A2E7BE1E8FD6E30063A476 /* Course Work */,
			);
		};
/* End PBXProject section */

/* Begin PBXResourcesBuildPhase section */
		13A2E7BD1E8FD6E30063A476 /* Resources */ = {
			isa = PBXResourcesBuildPhase;
			buildActionMask = 2147483647;
			files = (
				13A2E7CC1E8FD6E30063A476 /* Assets.xcassets in Resources */,
				13A2E7CF1E8FD6E30063A476 /* Main.storyboard in Resources */,
			);
			runOnlyForDeploymentPostprocessing = 0;
		};
/* End PBXResourcesBuildPhase section */

/* Begin PBXSourcesBuildPhase section */
		13A2E7BB1E8FD6E30063A476 /* Sources */ = {
			isa = PBXSourcesBuildPhase;
			buildActionMask = 2147483647;
			files = (
				13A2E7CA1E8FD6E30063A476 /* ViewController.m in Sources */,
				13A2E7C71E8FD6E30063A476 /* main.m in Sources */,
				13A2E7C41E8FD6E30063A476 /* AppDelegate.m in Sources */,
			);
			runOnlyForDeploymentPostprocessing = 0;
		};
/* End PBXSourcesBuildPhase section */

/* Begin PBXVariantGroup section */
		13A2E7CD1E8FD6E30063A476 /* Main.storyboard */ = {
			isa = PBXVariantGroup;
			children = (
				13A2E7CE1E8FD6E30063A476 /* Base */,
			);
			name = Main.storyboard;
			sourceTree = "<group>";
		};
/* End PBXVariantGroup section */

/* Begin XCBuildConfiguration section */
		13A2E7D11E8FD6E30063A476 /* Debug */ = {
			isa = XCBuildConfiguration;
			buildSettings = {
				ALWAYS_SEARCH_USER_PATHS = NO;
				CLANG_ANALYZER_NONNULL = YES;
				CLANG_ANALYZER_NUMBER_OBJECT_CONVERSION = YES_AGGRESSIVE;
				CLANG_CXX_LANGUAGE_STANDARD = "gnu++0x";
				CLANG_CXX_LIBRARY = "libc++";
				CLANG_ENABLE_MODULES = YES;
				CLANG_ENABLE_OBJC_ARC = YES;
				CLANG_WARN_BOOL_CONVERSION = YES;
				CLANG_WARN_CONSTANT_CONVERSION = YES;
				CLANG_WARN_DIRECT_OBJC_ISA_USAGE = YES_ERROR;
				CLANG_WARN_DOCUMENTATION_COMMENTS = YES;
				CLANG_WARN_EMPTY_BODY = YES;
				CLANG_WARN_ENUM_CONVERSION = YES;
				CLANG_WARN_INFINITE_RECURSION = YES;
				CLANG_WARN_INT_CONVERSION = YES;
				CLANG_WARN_OBJC_ROOT_CLASS = YES_ERROR;
				CLANG_WARN_SUSPICIOUS_MOVE = YES;
				CLANG_WARN_UNREACHABLE_CODE = YES;
				CLANG_WARN__DUPLICATE_METHOD_MATCH = YES;
				CODE_SIGN_IDENTITY = "-";
				COPY_PHASE_STRIP = NO;
				DEBUG_INFORMATION_FORMAT = dwarf;
				ENABLE_STRICT_OBJC_MSGSEND = YES;
				ENABLE_TESTABILITY = YES;
				GCC_C_LANGUAGE_STANDARD = gnu99;
				GCC_DYNAMIC_NO_PIC = NO;
				GCC_NO_COMMON_BLOCKS = YES;
				GCC_OPTIMIZATION_LEVEL = 0;
				GCC_PREPROCESSOR_DEFINITIONS = (
					"DEBUG=1",
					"$(inherited)",
				);
				GCC_WARN_64_TO_32_BIT_CONVERSION = YES;
				GCC_WARN_ABOUT_RETURN_TYPE = YES_ERROR;
				GCC_WARN_UNDECLARED_SELECTOR = YES;
				GCC_WARN_UNINITIALIZED_AUTOS = YES_AGGRESSIVE;
				GCC_WARN_UNUSED_FUNCTION = YES;
				GCC_WARN_UNUSED_VARIABLE = YES;
				MACOSX_DEPLOYMENT_TARGET = 10.12;
				MTL_ENABLE_DEBUG_INFO = YES;
				ONLY_ACTIVE_ARCH = YES;
				SDKROOT = macosx;
			};
			name = Debug;
		};
		13A2E7D21E8FD6E30063A476 /* Release */ = {
			isa = XCBuildConfiguration;
			buildSettings = {
				ALWAYS_SEARCH_USER_PATHS = NO;
				CLANG_ANALYZER_NONNULL = YES;
				CLANG_ANALYZER_NUMBER_OBJECT_CONVERSION = YES_AGGRESSIVE;
				CLANG_CXX_LANGUAGE_STANDARD = "gnu++0x";
				CLANG_CXX_LIBRARY = "libc++";
				CLANG_ENABLE_MODULES = YES;
				CLANG_ENABLE_OBJC_ARC = YES;
				CLANG_WARN_BOOL_CONVERSION = YES;
				CLANG_WARN_CONSTANT_CONVERSION = YES;
				CLANG_WARN_DIRECT_OBJC_ISA_USAGE = YES_ERROR;
				CLANG_WARN_DOCUMENTATION_COMMENTS = YES;
				CLANG_WARN_EMPTY_BODY = YES;
				CLANG_WARN_ENUM_CONVERSION = YES;
				CLANG_WARN_INFINITE_RECURSION = YES;
				CLANG_WARN_INT_CONVERSION = YES;
				CLANG_WARN_OBJC_ROOT_CLASS = YES_ERROR;
				CLANG_WARN_SUSPICIOUS_MOVE = YES;
				CLANG_WARN_UNREACHABLE_CODE = YES;
				CLANG_WARN__DUPLICATE_METHOD_MATCH = YES;
				CODE_SIGN_IDENTITY = "-";
				COPY_PHASE_STRIP = NO;
				DEBUG_INFORMATION_FORMAT = "dwarf-with-dsym";
				ENABLE_NS_ASSERTIONS = NO;
				ENABLE_STRICT_OBJC_MSGSEND = YES;
				GCC_C_LANGUAGE_STANDARD = gnu99;
				GCC_NO_COMMON_BLOCKS = YES;
				GCC_WARN_64_TO_32_BIT_CONVERSION = YES;
				GCC_WARN_ABOUT_RETURN_TYPE = YES_ERROR;
				GCC_WARN_UNDECLARED_SELECTOR = YES;
				GCC_WARN_UNINITIALIZED_AUTOS = YES_AGGRESSIVE;
				GCC_WARN_UNUSED_FUNCTION = YES;
				GCC_WARN_UNUSED_VARIABLE = YES;
				MACOSX_DEPLOYMENT_TARGET = 10.12;
				MTL_ENABLE_DEBUG_INFO = NO;
				SDKROOT = macosx;
			};
			name = Release;
		};
		13A2E7D41E8FD6E30063A476 /* Debug */ = {
			isa = XCBuildConfiguration;
			buildSettings = {
				ASSETCATALOG_COMPILER_APPICON_NAME = AppIcon;
				COMBINE_HIDPI_IMAGES = YES;
				DEVELOPMENT_TEAM = QDY49F48G2;
				INFOPLIST_FILE = "Course Work/Info.plist";
				LD_RUNPATH_SEARCH_PATHS = "$(inherited) @executable_path/../Frameworks";
				PRODUCT_BUNDLE_IDENTIFIER = "ru.nsu.fit.g14201.dserov.Course-Work";
				PRODUCT_NAME = "$(TARGET_NAME)";
			};
			name = Debug;
		};
		13A2E7D51E8FD6E30063A476 /* Release */ = {
			isa = XCBuildConfiguration;
			buildSettings = {
				ASSETCATALOG_COMPILER_APPICON_NAME = AppIcon;
				COMBINE_HIDPI_IMAGES = YES;
				DEVELOPMENT_TEAM = QDY49F48G2;
				INFOPLIST_FILE = "Course Work/Info.plist";
				LD_RUNPATH_SEARCH_PATHS = "$(inherited) @executable_path/../Frameworks";
				PRODUCT_BUNDLE_IDENTIFIER = "ru.nsu.fit.g14201.dserov.Course-Work";
				PRODUCT_NAME = "$(TARGET_NAME)";
			};
			name = Release;
		};
/* End XCBuildConfiguration section */

/* Begin XCConfigurationList section */
		13A2E7BA1E8FD6E30063A476 /* Build configuration list for PBXProject "Course Work" */ = {
			isa = XCConfigurationList;
			buildConfigurations = (
				13A2E7D11E8FD6E30063A476 /* Debug */,
				13A2E7D21E8FD6E30063A476 /* Release */,
			);
			defaultConfigurationIsVisible = 0;
			defaultConfigurationName = Release;
		};
		13A2E7D31E8FD6E30063A476 /* Build configuration list for PBXNativeTarget "Course Work" */ = {
			isa = XCConfigurationList;
			buildConfigurations = (
				13A2E7D41E8FD6E30063A476 /* Debug */,
				13A2E7D51E8FD6E30063A476 /* Release */,
			);
			defaultConfigurationIsVisible = 0;
		};
/* End XCConfigurationList section */
	};
	rootObject = 13A2E7B71E8FD6E30063A476 /* Project object */;
}
